
Microsoft Visual Studio Solution File, Format Version 12.00
# Visual Studio Version 16
VisualStudioVersion = 16.0.33328.57
MinimumVisualStudioVersion = 10.0.40219.1
Project("{8BC9CEB8-8B4A-11D0-8D11-00A0C91BC942}") = "test", "test.vcxproj", "{6E3B0D64-7E4B-4353-8B33-A90121CCE3DA}"
EndProject
Global
	GlobalSection(SolutionConfigurationPlatforms) = preSolution
		Debug|x64 = Debug|x64
		Debug|x86 = Debug|x86
		Release|x64 = Release|x64
		Release|x86 = Release|x86
	EndGlobalSection
	GlobalSection(ProjectConfigurationPlatforms) = postSolution
		{6E3B0D64-7E4B-4353-8B33-A90121CCE3DA}.Debug|x64.ActiveCfg = Debug|x64
		{6E3B0D64-7E4B-4353-8B33-A90121CCE3DA}.Debug|x64.Build.0 = Debug|x64
		{6E3B0D64-7E4B-4353-8B33-A90121CCE3DA}.Debug|x86.ActiveCfg = Debug|Win32
		{6E3B0D64-7E4B-4353-8B33-A90121CCE3DA}.Debug|x86.Build.0 = Debug|Win32
		{6E3B0D64-7E4B-4353-8B33-A90121CCE3DA}.Release|x64.ActiveCfg = Release|x64
		{6E3B0D64-7E4B-4353-8B33-A90121CCE3DA}.Release|x64.Build.0 = Release|x64
		{6E3B0D64-7E4B-4353-8B33-A90121CCE3DA}.Release|x86.ActiveCfg = Release|Win32
		{6E3B0D64-7E4B-4353-8B33-A90121CCE3DA}.Release|x86.Build.0 = Release|Win32
	EndGlobalSection
	GlobalSection(SolutionProperties) = preSolution
		HideSolutionNode = FALSE
	EndGlobalSection
	GlobalSection(ExtensibilityGlobals) = postSolution
		SolutionGuid = {81FF326F-DFB4-447F-B298-B59E90658DA0}
	EndGlobalSection
EndGlobal
